
Microsoft Visual Studio Solution File, Format Version 12.00
# Visual Studio Version 17
VisualStudioVersion = 17.0.32014.148
MinimumVisualStudioVersion = 10.0.40219.1
Project("{2150E333-8FDC-42A3-9474-1A3956D46DE8}") = "src", "src", "{547F5D3E-47C5-441A-B97D-57E124849D19}"
EndProject
Project("{2150E333-8FDC-42A3-9474-1A3956D46DE8}") = "Services", "Services", "{F6580CD0-1DAF-4DC2-A30C-D1EB97839DA7}"
EndProject
Project("{2150E333-8FDC-42A3-9474-1A3956D46DE8}") = "Catalog", "Catalog", "{7CBA78C2-4FE7-4370-88EB-318E5709EE2B}"
EndProject
Project("{9A19103F-16F7-4668-BE54-9A1E7A4F7556}") = "Catalog.API", "Services\Catalog\Catalog.API\Catalog.API.csproj", "{DCE040E7-300D-4569-985D-F1A6AC719AD0}"
EndProject
Project("{E53339B2-1760-4266-BCC7-CA923CBCF16C}") = "docker-compose", "docker-compose.dcproj", "{9EDDF31E-385F-485F-ADF2-1161577DDAEB}"
EndProject
Project("{2150E333-8FDC-42A3-9474-1A3956D46DE8}") = "Basket", "Basket", "{44F193DD-FE9F-4015-96CF-39C48CE36CC1}"
EndProject
Project("{2150E333-8FDC-42A3-9474-1A3956D46DE8}") = "BuildingBlocks", "BuildingBlocks", "{8556015A-B6A7-4182-9784-86D798A1A52C}"
EndProject
Project("{2150E333-8FDC-42A3-9474-1A3956D46DE8}") = "EventBus", "EventBus", "{2BB97937-FD95-4E3A-928D-62639ED16895}"
EndProject
Project("{9A19103F-16F7-4668-BE54-9A1E7A4F7556}") = "EventBus", "BuildingBlocks\EventBus\EventBus.csproj", "{493DE846-8391-4A99-8DCD-6E2A765A2C1B}"
EndProject
Project("{9A19103F-16F7-4668-BE54-9A1E7A4F7556}") = "EventBusRabbitMQ", "BuildingBlocks\EventBusRabbitMQ\EventBusRabbitMQ.csproj", "{F3F3BA1F-2F5D-4269-913D-AC851C70409F}"
EndProject
Project("{9A19103F-16F7-4668-BE54-9A1E7A4F7556}") = "Basket.API", "Services\Basket\Basket.API\Basket.API.csproj", "{F8123C55-CC10-4997-AD8D-C4B503DB6F7A}"
EndProject
Project("{2150E333-8FDC-42A3-9474-1A3956D46DE8}") = "Tests", "Tests", "{98AFDD35-B715-481D-B095-7A222DC69A7F}"
EndProject
Project("{9A19103F-16F7-4668-BE54-9A1E7A4F7556}") = "Catalog.UnitTests", "Services\Catalog\Tests\Catalog.UnitTests\Catalog.UnitTests.csproj", "{397AFAFF-DD99-4B41-9426-934BDF151D51}"
EndProject
Project("{9A19103F-16F7-4668-BE54-9A1E7A4F7556}") = "Catalog.FunctionalTests", "Services\Catalog\Tests\Catalog.FunctionalTests\Catalog.FunctionalTests.csproj", "{D5AD70A0-4126-44CA-AA25-080E1F6F3725}"
EndProject
Project("{2150E333-8FDC-42A3-9474-1A3956D46DE8}") = "Ordering", "Ordering", "{1620BA96-9CFD-4FF1-A8CA-9B25342DDBB1}"
EndProject
Project("{9A19103F-16F7-4668-BE54-9A1E7A4F7556}") = "Ordering.BackgroundTasks", "Services\Ordering\Ordering.BackgroundTasks\Ordering.BackgroundTasks.csproj", "{EA56C116-1F59-4A72-8BD7-2FA8A0E5D9DD}"
EndProject
Project("{2150E333-8FDC-42A3-9474-1A3956D46DE8}") = "ApiGateways", "ApiGateways", "{F67B7842-3AD8-49FE-BF6D-00130AF31083}"
EndProject
Project("{9A19103F-16F7-4668-BE54-9A1E7A4F7556}") = "OcelotApiGw", "ApiGateways\OcelotApiGw\OcelotApiGw.csproj", "{0A2992A2-B0A5-42D0-A05A-530F8E15E68A}"
EndProject
Project("{FAE04EC0-301F-11D3-BF4B-00C04F79EFBC}") = "Ordering.API", "Services\Ordering\Ordering.API\Ordering.API.csproj", "{32212283-EF14-4E68-B07E-AA8B8BE7726C}"
EndProject
Project("{FAE04EC0-301F-11D3-BF4B-00C04F79EFBC}") = "Ordering.Infrastructure", "Services\Ordering\Ordering.Infrastructure\Ordering.Infrastructure.csproj", "{C2C48CF1-9375-432F-815C-353217624615}"
EndProject
Project("{FAE04EC0-301F-11D3-BF4B-00C04F79EFBC}") = "Ordering.Domain", "Services\Ordering\Ordering.Domain\Ordering.Domain.csproj", "{66443234-AEBB-4728-9344-A6A1C6C5E05A}"
EndProject
Global
	GlobalSection(SolutionConfigurationPlatforms) = preSolution
		Debug|Any CPU = Debug|Any CPU
		Release|Any CPU = Release|Any CPU
	EndGlobalSection
	GlobalSection(ProjectConfigurationPlatforms) = postSolution
		{DCE040E7-300D-4569-985D-F1A6AC719AD0}.Debug|Any CPU.ActiveCfg = Debug|Any CPU
		{DCE040E7-300D-4569-985D-F1A6AC719AD0}.Debug|Any CPU.Build.0 = Debug|Any CPU
		{DCE040E7-300D-4569-985D-F1A6AC719AD0}.Release|Any CPU.ActiveCfg = Release|Any CPU
		{DCE040E7-300D-4569-985D-F1A6AC719AD0}.Release|Any CPU.Build.0 = Release|Any CPU
		{9EDDF31E-385F-485F-ADF2-1161577DDAEB}.Debug|Any CPU.ActiveCfg = Debug|Any CPU
		{9EDDF31E-385F-485F-ADF2-1161577DDAEB}.Debug|Any CPU.Build.0 = Debug|Any CPU
		{9EDDF31E-385F-485F-ADF2-1161577DDAEB}.Release|Any CPU.ActiveCfg = Release|Any CPU
		{9EDDF31E-385F-485F-ADF2-1161577DDAEB}.Release|Any CPU.Build.0 = Release|Any CPU
		{493DE846-8391-4A99-8DCD-6E2A765A2C1B}.Debug|Any CPU.ActiveCfg = Debug|Any CPU
		{493DE846-8391-4A99-8DCD-6E2A765A2C1B}.Debug|Any CPU.Build.0 = Debug|Any CPU
		{493DE846-8391-4A99-8DCD-6E2A765A2C1B}.Release|Any CPU.ActiveCfg = Release|Any CPU
		{493DE846-8391-4A99-8DCD-6E2A765A2C1B}.Release|Any CPU.Build.0 = Release|Any CPU
		{F3F3BA1F-2F5D-4269-913D-AC851C70409F}.Debug|Any CPU.ActiveCfg = Debug|Any CPU
		{F3F3BA1F-2F5D-4269-913D-AC851C70409F}.Debug|Any CPU.Build.0 = Debug|Any CPU
		{F3F3BA1F-2F5D-4269-913D-AC851C70409F}.Release|Any CPU.ActiveCfg = Release|Any CPU
		{F3F3BA1F-2F5D-4269-913D-AC851C70409F}.Release|Any CPU.Build.0 = Release|Any CPU
		{F8123C55-CC10-4997-AD8D-C4B503DB6F7A}.Debug|Any CPU.ActiveCfg = Debug|Any CPU
		{F8123C55-CC10-4997-AD8D-C4B503DB6F7A}.Debug|Any CPU.Build.0 = Debug|Any CPU
		{F8123C55-CC10-4997-AD8D-C4B503DB6F7A}.Release|Any CPU.ActiveCfg = Release|Any CPU
		{F8123C55-CC10-4997-AD8D-C4B503DB6F7A}.Release|Any CPU.Build.0 = Release|Any CPU
		{397AFAFF-DD99-4B41-9426-934BDF151D51}.Debug|Any CPU.ActiveCfg = Debug|Any CPU
		{397AFAFF-DD99-4B41-9426-934BDF151D51}.Debug|Any CPU.Build.0 = Debug|Any CPU
		{397AFAFF-DD99-4B41-9426-934BDF151D51}.Release|Any CPU.ActiveCfg = Release|Any CPU
		{397AFAFF-DD99-4B41-9426-934BDF151D51}.Release|Any CPU.Build.0 = Release|Any CPU
		{D5AD70A0-4126-44CA-AA25-080E1F6F3725}.Debug|Any CPU.ActiveCfg = Debug|Any CPU
		{D5AD70A0-4126-44CA-AA25-080E1F6F3725}.Debug|Any CPU.Build.0 = Debug|Any CPU
		{D5AD70A0-4126-44CA-AA25-080E1F6F3725}.Release|Any CPU.ActiveCfg = Release|Any CPU
		{D5AD70A0-4126-44CA-AA25-080E1F6F3725}.Release|Any CPU.Build.0 = Release|Any CPU
		{EA56C116-1F59-4A72-8BD7-2FA8A0E5D9DD}.Debug|Any CPU.ActiveCfg = Debug|Any CPU
		{EA56C116-1F59-4A72-8BD7-2FA8A0E5D9DD}.Debug|Any CPU.Build.0 = Debug|Any CPU
		{EA56C116-1F59-4A72-8BD7-2FA8A0E5D9DD}.Release|Any CPU.ActiveCfg = Release|Any CPU
		{EA56C116-1F59-4A72-8BD7-2FA8A0E5D9DD}.Release|Any CPU.Build.0 = Release|Any CPU
		{0A2992A2-B0A5-42D0-A05A-530F8E15E68A}.Debug|Any CPU.ActiveCfg = Debug|Any CPU
		{0A2992A2-B0A5-42D0-A05A-530F8E15E68A}.Debug|Any CPU.Build.0 = Debug|Any CPU
		{0A2992A2-B0A5-42D0-A05A-530F8E15E68A}.Release|Any CPU.ActiveCfg = Release|Any CPU
		{0A2992A2-B0A5-42D0-A05A-530F8E15E68A}.Release|Any CPU.Build.0 = Release|Any CPU
		{32212283-EF14-4E68-B07E-AA8B8BE7726C}.Debug|Any CPU.ActiveCfg = Debug|Any CPU
		{32212283-EF14-4E68-B07E-AA8B8BE7726C}.Debug|Any CPU.Build.0 = Debug|Any CPU
		{32212283-EF14-4E68-B07E-AA8B8BE7726C}.Release|Any CPU.ActiveCfg = Release|Any CPU
		{32212283-EF14-4E68-B07E-AA8B8BE7726C}.Release|Any CPU.Build.0 = Release|Any CPU
		{C2C48CF1-9375-432F-815C-353217624615}.Debug|Any CPU.ActiveCfg = Debug|Any CPU
		{C2C48CF1-9375-432F-815C-353217624615}.Debug|Any CPU.Build.0 = Debug|Any CPU
		{C2C48CF1-9375-432F-815C-353217624615}.Release|Any CPU.ActiveCfg = Release|Any CPU
		{C2C48CF1-9375-432F-815C-353217624615}.Release|Any CPU.Build.0 = Release|Any CPU
		{66443234-AEBB-4728-9344-A6A1C6C5E05A}.Debug|Any CPU.ActiveCfg = Debug|Any CPU
		{66443234-AEBB-4728-9344-A6A1C6C5E05A}.Debug|Any CPU.Build.0 = Debug|Any CPU
		{66443234-AEBB-4728-9344-A6A1C6C5E05A}.Release|Any CPU.ActiveCfg = Release|Any CPU
		{66443234-AEBB-4728-9344-A6A1C6C5E05A}.Release|Any CPU.Build.0 = Release|Any CPU
	EndGlobalSection
	GlobalSection(SolutionProperties) = preSolution
		HideSolutionNode = FALSE
	EndGlobalSection
	GlobalSection(NestedProjects) = preSolution
		{F6580CD0-1DAF-4DC2-A30C-D1EB97839DA7} = {547F5D3E-47C5-441A-B97D-57E124849D19}
		{7CBA78C2-4FE7-4370-88EB-318E5709EE2B} = {F6580CD0-1DAF-4DC2-A30C-D1EB97839DA7}
		{DCE040E7-300D-4569-985D-F1A6AC719AD0} = {7CBA78C2-4FE7-4370-88EB-318E5709EE2B}
		{44F193DD-FE9F-4015-96CF-39C48CE36CC1} = {F6580CD0-1DAF-4DC2-A30C-D1EB97839DA7}
		{8556015A-B6A7-4182-9784-86D798A1A52C} = {547F5D3E-47C5-441A-B97D-57E124849D19}
		{2BB97937-FD95-4E3A-928D-62639ED16895} = {8556015A-B6A7-4182-9784-86D798A1A52C}
		{493DE846-8391-4A99-8DCD-6E2A765A2C1B} = {2BB97937-FD95-4E3A-928D-62639ED16895}
		{F3F3BA1F-2F5D-4269-913D-AC851C70409F} = {2BB97937-FD95-4E3A-928D-62639ED16895}
		{F8123C55-CC10-4997-AD8D-C4B503DB6F7A} = {44F193DD-FE9F-4015-96CF-39C48CE36CC1}
		{98AFDD35-B715-481D-B095-7A222DC69A7F} = {7CBA78C2-4FE7-4370-88EB-318E5709EE2B}
		{397AFAFF-DD99-4B41-9426-934BDF151D51} = {98AFDD35-B715-481D-B095-7A222DC69A7F}
		{D5AD70A0-4126-44CA-AA25-080E1F6F3725} = {98AFDD35-B715-481D-B095-7A222DC69A7F}
		{1620BA96-9CFD-4FF1-A8CA-9B25342DDBB1} = {F6580CD0-1DAF-4DC2-A30C-D1EB97839DA7}
		{EA56C116-1F59-4A72-8BD7-2FA8A0E5D9DD} = {1620BA96-9CFD-4FF1-A8CA-9B25342DDBB1}
		{F67B7842-3AD8-49FE-BF6D-00130AF31083} = {547F5D3E-47C5-441A-B97D-57E124849D19}
		{0A2992A2-B0A5-42D0-A05A-530F8E15E68A} = {F67B7842-3AD8-49FE-BF6D-00130AF31083}
		{32212283-EF14-4E68-B07E-AA8B8BE7726C} = {1620BA96-9CFD-4FF1-A8CA-9B25342DDBB1}
		{C2C48CF1-9375-432F-815C-353217624615} = {1620BA96-9CFD-4FF1-A8CA-9B25342DDBB1}
		{66443234-AEBB-4728-9344-A6A1C6C5E05A} = {1620BA96-9CFD-4FF1-A8CA-9B25342DDBB1}
	EndGlobalSection
	GlobalSection(ExtensibilityGlobals) = postSolution
		SolutionGuid = {451AF464-B139-4C25-B321-8FC4A4189486}
	EndGlobalSection
EndGlobal
